
Microsoft Visual Studio Solution File, Format Version 12.00
# Visual Studio Version 17
VisualStudioVersion = 17.11.35222.181
MinimumVisualStudioVersion = 10.0.40219.1
Project("{FAE04EC0-301F-11D3-BF4B-00C04F79EFBC}") = "FIrstGRPCProject", "FIrstGRPCProject\FIrstGRPCProject.csproj", "{22A887DB-29AF-4E41-BB53-B730295F6D72}"
EndProject
Global
	GlobalSection(SolutionConfigurationPlatforms) = preSolution
		Debug|Any CPU = Debug|Any CPU
		Release|Any CPU = Release|Any CPU
	EndGlobalSection
	GlobalSection(ProjectConfigurationPlatforms) = postSolution
		{22A887DB-29AF-4E41-BB53-B730295F6D72}.Debug|Any CPU.ActiveCfg = Debug|Any CPU
		{22A887DB-29AF-4E41-BB53-B730295F6D72}.Debug|Any CPU.Build.0 = Debug|Any CPU
		{22A887DB-29AF-4E41-BB53-B730295F6D72}.Release|Any CPU.ActiveCfg = Release|Any CPU
		{22A887DB-29AF-4E41-BB53-B730295F6D72}.Release|Any CPU.Build.0 = Release|Any CPU
	EndGlobalSection
	GlobalSection(SolutionProperties) = preSolution
		HideSolutionNode = FALSE
	EndGlobalSection
	GlobalSection(ExtensibilityGlobals) = postSolution
		SolutionGuid = {24292F8F-AC5D-40E3-AF9E-BE1844D8336C}
	EndGlobalSection
EndGlobal
